// !$*UTF8*$!
{
	archiveVersion = 1;
	classes = {
	};
	objectVersion = 50;
	objects = {

/* Begin PBXBuildFile section */
		E704ADE224DB1C88002CFC56 /* AppDelegate.swift in Sources */ = {isa = PBXBuildFile; fileRef = E704ADE124DB1C88002CFC56 /* AppDelegate.swift */; };
		E704ADE624DB1C88002CFC56 /* ViewController.swift in Sources */ = {isa = PBXBuildFile; fileRef = E704ADE524DB1C88002CFC56 /* ViewController.swift */; };
		E704ADE924DB1C88002CFC56 /* Main.storyboard in Resources */ = {isa = PBXBuildFile; fileRef = E704ADE724DB1C88002CFC56 /* Main.storyboard */; };
		E704ADEB24DB1C89002CFC56 /* Assets.xcassets in Resources */ = {isa = PBXBuildFile; fileRef = E704ADEA24DB1C89002CFC56 /* Assets.xcassets */; };
		E704ADEE24DB1C89002CFC56 /* LaunchScreen.storyboard in Resources */ = {isa = PBXBuildFile; fileRef = E704ADEC24DB1C89002CFC56 /* LaunchScreen.storyboard */; };
		E704ADF924DB1E2E002CFC56 /* AlertViewDecoratorProtocol.swift in Sources */ = {isa = PBXBuildFile; fileRef = E704ADF824DB1E2E002CFC56 /* AlertViewDecoratorProtocol.swift */; };
		E704ADFC24DB1E98002CFC56 /* TopSlideDecorator.swift in Sources */ = {isa = PBXBuildFile; fileRef = E704ADFB24DB1E98002CFC56 /* TopSlideDecorator.swift */; };
		E704ADFE24DB1ECA002CFC56 /* BottomSlideDecorator.swift in Sources */ = {isa = PBXBuildFile; fileRef = E704ADFD24DB1ECA002CFC56 /* BottomSlideDecorator.swift */; };
		E704AE0424DB2109002CFC56 /* DecoratableAlertViewProtocol.swift in Sources */ = {isa = PBXBuildFile; fileRef = E704AE0324DB2109002CFC56 /* DecoratableAlertViewProtocol.swift */; };
		E704AE0824DB2142002CFC56 /* ErrorView.swift in Sources */ = {isa = PBXBuildFile; fileRef = E704AE0724DB2142002CFC56 /* ErrorView.swift */; };
		E704AE0A24DB215F002CFC56 /* ErrorView.xib in Resources */ = {isa = PBXBuildFile; fileRef = E704AE0924DB215F002CFC56 /* ErrorView.xib */; };
		E704AE0C24DB2303002CFC56 /* DecoratableAlertViewController.swift in Sources */ = {isa = PBXBuildFile; fileRef = E704AE0B24DB2303002CFC56 /* DecoratableAlertViewController.swift */; };
		E704AE1024DB24AF002CFC56 /* UIDevice+Extension.swift in Sources */ = {isa = PBXBuildFile; fileRef = E704AE0F24DB24AF002CFC56 /* UIDevice+Extension.swift */; };
/* End PBXBuildFile section */

/* Begin PBXFileReference section */
		E704ADDE24DB1C88002CFC56 /* DecoratableAlertViewExample.app */ = {isa = PBXFileReference; explicitFileType = wrapper.application; includeInIndex = 0; path = DecoratableAlertViewExample.app; sourceTree = BUILT_PRODUCTS_DIR; };
		E704ADE124DB1C88002CFC56 /* AppDelegate.swift */ = {isa = PBXFileReference; lastKnownFileType = sourcecode.swift; path = AppDelegate.swift; sourceTree = "<group>"; };
		E704ADE524DB1C88002CFC56 /* ViewController.swift */ = {isa = PBXFileReference; lastKnownFileType = sourcecode.swift; path = ViewController.swift; sourceTree = "<group>"; };
		E704ADE824DB1C88002CFC56 /* Base */ = {isa = PBXFileReference; lastKnownFileType = file.storyboard; name = Base; path = Base.lproj/Main.storyboard; sourceTree = "<group>"; };
		E704ADEA24DB1C89002CFC56 /* Assets.xcassets */ = {isa = PBXFileReference; lastKnownFileType = folder.assetcatalog; path = Assets.xcassets; sourceTree = "<group>"; };
		E704ADED24DB1C89002CFC56 /* Base */ = {isa = PBXFileReference; lastKnownFileType = file.storyboard; name = Base; path = Base.lproj/LaunchScreen.storyboard; sourceTree = "<group>"; };
		E704ADEF24DB1C89002CFC56 /* Info.plist */ = {isa = PBXFileReference; lastKnownFileType = text.plist.xml; path = Info.plist; sourceTree = "<group>"; };
		E704ADF824DB1E2E002CFC56 /* AlertViewDecoratorProtocol.swift */ = {isa = PBXFileReference; lastKnownFileType = sourcecode.swift; path = AlertViewDecoratorProtocol.swift; sourceTree = "<group>"; };
		E704ADFB24DB1E98002CFC56 /* TopSlideDecorator.swift */ = {isa = PBXFileReference; lastKnownFileType = sourcecode.swift; path = TopSlideDecorator.swift; sourceTree = "<group>"; };
		E704ADFD24DB1ECA002CFC56 /* BottomSlideDecorator.swift */ = {isa = PBXFileReference; lastKnownFileType = sourcecode.swift; path = BottomSlideDecorator.swift; sourceTree = "<group>"; };
		E704AE0324DB2109002CFC56 /* DecoratableAlertViewProtocol.swift */ = {isa = PBXFileReference; lastKnownFileType = sourcecode.swift; path = DecoratableAlertViewProtocol.swift; sourceTree = "<group>"; };
		E704AE0724DB2142002CFC56 /* ErrorView.swift */ = {isa = PBXFileReference; lastKnownFileType = sourcecode.swift; path = ErrorView.swift; sourceTree = "<group>"; };
		E704AE0924DB215F002CFC56 /* ErrorView.xib */ = {isa = PBXFileReference; lastKnownFileType = file.xib; path = ErrorView.xib; sourceTree = "<group>"; };
		E704AE0B24DB2303002CFC56 /* DecoratableAlertViewController.swift */ = {isa = PBXFileReference; lastKnownFileType = sourcecode.swift; path = DecoratableAlertViewController.swift; sourceTree = "<group>"; };
		E704AE0F24DB24AF002CFC56 /* UIDevice+Extension.swift */ = {isa = PBXFileReference; lastKnownFileType = sourcecode.swift; path = "UIDevice+Extension.swift"; sourceTree = "<group>"; };
/* End PBXFileReference section */

/* Begin PBXFrameworksBuildPhase section */
		E704ADDB24DB1C88002CFC56 /* Frameworks */ = {
			isa = PBXFrameworksBuildPhase;
			buildActionMask = 2147483647;
			files = (
			);
			runOnlyForDeploymentPostprocessing = 0;
		};
/* End PBXFrameworksBuildPhase section */

/* Begin PBXGroup section */
		E704ADD524DB1C88002CFC56 = {
			isa = PBXGroup;
			children = (
				E704ADE024DB1C88002CFC56 /* DecoratableAlertViewExample */,
				E704ADDF24DB1C88002CFC56 /* Products */,
			);
			sourceTree = "<group>";
		};
		E704ADDF24DB1C88002CFC56 /* Products */ = {
			isa = PBXGroup;
			children = (
				E704ADDE24DB1C88002CFC56 /* DecoratableAlertViewExample.app */,
			);
			name = Products;
			sourceTree = "<group>";
		};
		E704ADE024DB1C88002CFC56 /* DecoratableAlertViewExample */ = {
			isa = PBXGroup;
			children = (
				E704AE0D24DB2499002CFC56 /* Extension */,
				E704ADF524DB1DC1002CFC56 /* DecoratableAlertView */,
				E704ADE124DB1C88002CFC56 /* AppDelegate.swift */,
				E704ADE524DB1C88002CFC56 /* ViewController.swift */,
				E704ADE724DB1C88002CFC56 /* Main.storyboard */,
				E704ADEA24DB1C89002CFC56 /* Assets.xcassets */,
				E704ADEC24DB1C89002CFC56 /* LaunchScreen.storyboard */,
				E704ADEF24DB1C89002CFC56 /* Info.plist */,
			);
			path = DecoratableAlertViewExample;
			sourceTree = "<group>";
		};
		E704ADF524DB1DC1002CFC56 /* DecoratableAlertView */ = {
			isa = PBXGroup;
			children = (
				E704AE0024DB20E1002CFC56 /* Controller */,
				E704AE0124DB20E7002CFC56 /* View */,
				E704ADF624DB1E00002CFC56 /* Decorator */,
			);
			path = DecoratableAlertView;
			sourceTree = "<group>";
		};
		E704ADF624DB1E00002CFC56 /* Decorator */ = {
			isa = PBXGroup;
			children = (
				E704ADF724DB1E06002CFC56 /* Abstract */,
				E704ADFA24DB1E43002CFC56 /* Concrete */,
			);
			path = Decorator;
			sourceTree = "<group>";
		};
		E704ADF724DB1E06002CFC56 /* Abstract */ = {
			isa = PBXGroup;
			children = (
				E704ADF824DB1E2E002CFC56 /* AlertViewDecoratorProtocol.swift */,
			);
			path = Abstract;
			sourceTree = "<group>";
		};
		E704ADFA24DB1E43002CFC56 /* Concrete */ = {
			isa = PBXGroup;
			children = (
				E704ADFB24DB1E98002CFC56 /* TopSlideDecorator.swift */,
				E704ADFD24DB1ECA002CFC56 /* BottomSlideDecorator.swift */,
			);
			path = Concrete;
			sourceTree = "<group>";
		};
		E704AE0024DB20E1002CFC56 /* Controller */ = {
			isa = PBXGroup;
			children = (
				E704AE0B24DB2303002CFC56 /* DecoratableAlertViewController.swift */,
			);
			path = Controller;
			sourceTree = "<group>";
		};
		E704AE0124DB20E7002CFC56 /* View */ = {
			isa = PBXGroup;
			children = (
				E704AE0224DB20EC002CFC56 /* Abstract */,
				E704AE0524DB2125002CFC56 /* Concrete */,
			);
			path = View;
			sourceTree = "<group>";
		};
		E704AE0224DB20EC002CFC56 /* Abstract */ = {
			isa = PBXGroup;
			children = (
				E704AE0324DB2109002CFC56 /* DecoratableAlertViewProtocol.swift */,
			);
			path = Abstract;
			sourceTree = "<group>";
		};
		E704AE0524DB2125002CFC56 /* Concrete */ = {
			isa = PBXGroup;
			children = (
				E704AE0624DB2130002CFC56 /* ErrorView */,
			);
			path = Concrete;
			sourceTree = "<group>";
		};
		E704AE0624DB2130002CFC56 /* ErrorView */ = {
			isa = PBXGroup;
			children = (
				E704AE0724DB2142002CFC56 /* ErrorView.swift */,
				E704AE0924DB215F002CFC56 /* ErrorView.xib */,
			);
			path = ErrorView;
			sourceTree = "<group>";
		};
		E704AE0D24DB2499002CFC56 /* Extension */ = {
			isa = PBXGroup;
			children = (
				E704AE0F24DB24AF002CFC56 /* UIDevice+Extension.swift */,
			);
			path = Extension;
			sourceTree = "<group>";
		};
/* End PBXGroup section */

/* Begin PBXNativeTarget section */
		E704ADDD24DB1C88002CFC56 /* DecoratableAlertViewExample */ = {
			isa = PBXNativeTarget;
			buildConfigurationList = E704ADF224DB1C89002CFC56 /* Build configuration list for PBXNativeTarget "DecoratableAlertViewExample" */;
			buildPhases = (
				E704ADDA24DB1C88002CFC56 /* Sources */,
				E704ADDB24DB1C88002CFC56 /* Frameworks */,
				E704ADDC24DB1C88002CFC56 /* Resources */,
			);
			buildRules = (
			);
			dependencies = (
			);
			name = DecoratableAlertViewExample;
			productName = DecoratableAlertViewExample;
			productReference = E704ADDE24DB1C88002CFC56 /* DecoratableAlertViewExample.app */;
			productType = "com.apple.product-type.application";
		};
/* End PBXNativeTarget section */

/* Begin PBXProject section */
		E704ADD624DB1C88002CFC56 /* Project object */ = {
			isa = PBXProject;
			attributes = {
				LastSwiftUpdateCheck = 1140;
				LastUpgradeCheck = 1140;
				ORGANIZATIONNAME = "Volkan Sönmez";
				TargetAttributes = {
					E704ADDD24DB1C88002CFC56 = {
						CreatedOnToolsVersion = 11.4;
					};
				};
			};
			buildConfigurationList = E704ADD924DB1C88002CFC56 /* Build configuration list for PBXProject "DecoratableAlertViewExample" */;
			compatibilityVersion = "Xcode 9.3";
			developmentRegion = en;
			hasScannedForEncodings = 0;
			knownRegions = (
				en,
				Base,
			);
			mainGroup = E704ADD524DB1C88002CFC56;
			productRefGroup = E704ADDF24DB1C88002CFC56 /* Products */;
			projectDirPath = "";
			projectRoot = "";
			targets = (
				E704ADDD24DB1C88002CFC56 /* DecoratableAlertViewExample */,
			);
		};
/* End PBXProject section */

/* Begin PBXResourcesBuildPhase section */
		E704ADDC24DB1C88002CFC56 /* Resources */ = {
			isa = PBXResourcesBuildPhase;
			buildActionMask = 2147483647;
			files = (
				E704ADEE24DB1C89002CFC56 /* LaunchScreen.storyboard in Resources */,
				E704ADEB24DB1C89002CFC56 /* Assets.xcassets in Resources */,
				E704ADE924DB1C88002CFC56 /* Main.storyboard in Resources */,
				E704AE0A24DB215F002CFC56 /* ErrorView.xib in Resources */,
			);
			runOnlyForDeploymentPostprocessing = 0;
		};
/* End PBXResourcesBuildPhase section */

/* Begin PBXSourcesBuildPhase section */
		E704ADDA24DB1C88002CFC56 /* Sources */ = {
			isa = PBXSourcesBuildPhase;
			buildActionMask = 2147483647;
			files = (
				E704AE0424DB2109002CFC56 /* DecoratableAlertViewProtocol.swift in Sources */,
				E704ADFC24DB1E98002CFC56 /* TopSlideDecorator.swift in Sources */,
				E704ADE624DB1C88002CFC56 /* ViewController.swift in Sources */,
				E704ADFE24DB1ECA002CFC56 /* BottomSlideDecorator.swift in Sources */,
				E704AE1024DB24AF002CFC56 /* UIDevice+Extension.swift in Sources */,
				E704AE0C24DB2303002CFC56 /* DecoratableAlertViewController.swift in Sources */,
				E704AE0824DB2142002CFC56 /* ErrorView.swift in Sources */,
				E704ADE224DB1C88002CFC56 /* AppDelegate.swift in Sources */,
				E704ADF924DB1E2E002CFC56 /* AlertViewDecoratorProtocol.swift in Sources */,
			);
			runOnlyForDeploymentPostprocessing = 0;
		};
/* End PBXSourcesBuildPhase section */

/* Begin PBXVariantGroup section */
		E704ADE724DB1C88002CFC56 /* Main.storyboard */ = {
			isa = PBXVariantGroup;
			children = (
				E704ADE824DB1C88002CFC56 /* Base */,
			);
			name = Main.storyboard;
			sourceTree = "<group>";
		};
		E704ADEC24DB1C89002CFC56 /* LaunchScreen.storyboard */ = {
			isa = PBXVariantGroup;
			children = (
				E704ADED24DB1C89002CFC56 /* Base */,
			);
			name = LaunchScreen.storyboard;
			sourceTree = "<group>";
		};
/* End PBXVariantGroup section */

/* Begin XCBuildConfiguration section */
		E704ADF024DB1C89002CFC56 /* Debug */ = {
			isa = XCBuildConfiguration;
			buildSettings = {
				ALWAYS_SEARCH_USER_PATHS = NO;
				CLANG_ANALYZER_NONNULL = YES;
				CLANG_ANALYZER_NUMBER_OBJECT_CONVERSION = YES_AGGRESSIVE;
				CLANG_CXX_LANGUAGE_STANDARD = "gnu++14";
				CLANG_CXX_LIBRARY = "libc++";
				CLANG_ENABLE_MODULES = YES;
				CLANG_ENABLE_OBJC_ARC = YES;
				CLANG_ENABLE_OBJC_WEAK = YES;
				CLANG_WARN_BLOCK_CAPTURE_AUTORELEASING = YES;
				CLANG_WARN_BOOL_CONVERSION = YES;
				CLANG_WARN_COMMA = YES;
				CLANG_WARN_CONSTANT_CONVERSION = YES;
				CLANG_WARN_DEPRECATED_OBJC_IMPLEMENTATIONS = YES;
				CLANG_WARN_DIRECT_OBJC_ISA_USAGE = YES_ERROR;
				CLANG_WARN_DOCUMENTATION_COMMENTS = YES;
				CLANG_WARN_EMPTY_BODY = YES;
				CLANG_WARN_ENUM_CONVERSION = YES;
				CLANG_WARN_INFINITE_RECURSION = YES;
				CLANG_WARN_INT_CONVERSION = YES;
				CLANG_WARN_NON_LITERAL_NULL_CONVERSION = YES;
				CLANG_WARN_OBJC_IMPLICIT_RETAIN_SELF = YES;
				CLANG_WARN_OBJC_LITERAL_CONVERSION = YES;
				CLANG_WARN_OBJC_ROOT_CLASS = YES_ERROR;
				CLANG_WARN_RANGE_LOOP_ANALYSIS = YES;
				CLANG_WARN_STRICT_PROTOTYPES = YES;
				CLANG_WARN_SUSPICIOUS_MOVE = YES;
				CLANG_WARN_UNGUARDED_AVAILABILITY = YES_AGGRESSIVE;
				CLANG_WARN_UNREACHABLE_CODE = YES;
				CLANG_WARN__DUPLICATE_METHOD_MATCH = YES;
				COPY_PHASE_STRIP = NO;
				DEBUG_INFORMATION_FORMAT = dwarf;
				ENABLE_STRICT_OBJC_MSGSEND = YES;
				ENABLE_TESTABILITY = YES;
				GCC_C_LANGUAGE_STANDARD = gnu11;
				GCC_DYNAMIC_NO_PIC = NO;
				GCC_NO_COMMON_BLOCKS = YES;
				GCC_OPTIMIZATION_LEVEL = 0;
				GCC_PREPROCESSOR_DEFINITIONS = (
					"DEBUG=1",
					"$(inherited)",
				);
				GCC_WARN_64_TO_32_BIT_CONVERSION = YES;
				GCC_WARN_ABOUT_RETURN_TYPE = YES_ERROR;
				GCC_WARN_UNDECLARED_SELECTOR = YES;
				GCC_WARN_UNINITIALIZED_AUTOS = YES_AGGRESSIVE;
				GCC_WARN_UNUSED_FUNCTION = YES;
				GCC_WARN_UNUSED_VARIABLE = YES;
				IPHONEOS_DEPLOYMENT_TARGET = 13.4;
				MTL_ENABLE_DEBUG_INFO = INCLUDE_SOURCE;
				MTL_FAST_MATH = YES;
				ONLY_ACTIVE_ARCH = YES;
				SDKROOT = iphoneos;
				SWIFT_ACTIVE_COMPILATION_CONDITIONS = DEBUG;
				SWIFT_OPTIMIZATION_LEVEL = "-Onone";
			};
			name = Debug;
		};
		E704ADF124DB1C89002CFC56 /* Release */ = {
			isa = XCBuildConfiguration;
			buildSettings = {
				ALWAYS_SEARCH_USER_PATHS = NO;
				CLANG_ANALYZER_NONNULL = YES;
				CLANG_ANALYZER_NUMBER_OBJECT_CONVERSION = YES_AGGRESSIVE;
				CLANG_CXX_LANGUAGE_STANDARD = "gnu++14";
				CLANG_CXX_LIBRARY = "libc++";
				CLANG_ENABLE_MODULES = YES;
				CLANG_ENABLE_OBJC_ARC = YES;
				CLANG_ENABLE_OBJC_WEAK = YES;
				CLANG_WARN_BLOCK_CAPTURE_AUTORELEASING = YES;
				CLANG_WARN_BOOL_CONVERSION = YES;
				CLANG_WARN_COMMA = YES;
				CLANG_WARN_CONSTANT_CONVERSION = YES;
				CLANG_WARN_DEPRECATED_OBJC_IMPLEMENTATIONS = YES;
				CLANG_WARN_DIRECT_OBJC_ISA_USAGE = YES_ERROR;
				CLANG_WARN_DOCUMENTATION_COMMENTS = YES;
				CLANG_WARN_EMPTY_BODY = YES;
				CLANG_WARN_ENUM_CONVERSION = YES;
				CLANG_WARN_INFINITE_RECURSION = YES;
				CLANG_WARN_INT_CONVERSION = YES;
				CLANG_WARN_NON_LITERAL_NULL_CONVERSION = YES;
				CLANG_WARN_OBJC_IMPLICIT_RETAIN_SELF = YES;
				CLANG_WARN_OBJC_LITERAL_CONVERSION = YES;
				CLANG_WARN_OBJC_ROOT_CLASS = YES_ERROR;
				CLANG_WARN_RANGE_LOOP_ANALYSIS = YES;
				CLANG_WARN_STRICT_PROTOTYPES = YES;
				CLANG_WARN_SUSPICIOUS_MOVE = YES;
				CLANG_WARN_UNGUARDED_AVAILABILITY = YES_AGGRESSIVE;
				CLANG_WARN_UNREACHABLE_CODE = YES;
				CLANG_WARN__DUPLICATE_METHOD_MATCH = YES;
				COPY_PHASE_STRIP = NO;
				DEBUG_INFORMATION_FORMAT = "dwarf-with-dsym";
				ENABLE_NS_ASSERTIONS = NO;
				ENABLE_STRICT_OBJC_MSGSEND = YES;
				GCC_C_LANGUAGE_STANDARD = gnu11;
				GCC_NO_COMMON_BLOCKS = YES;
				GCC_WARN_64_TO_32_BIT_CONVERSION = YES;
				GCC_WARN_ABOUT_RETURN_TYPE = YES_ERROR;
				GCC_WARN_UNDECLARED_SELECTOR = YES;
				GCC_WARN_UNINITIALIZED_AUTOS = YES_AGGRESSIVE;
				GCC_WARN_UNUSED_FUNCTION = YES;
				GCC_WARN_UNUSED_VARIABLE = YES;
				IPHONEOS_DEPLOYMENT_TARGET = 13.4;
				MTL_ENABLE_DEBUG_INFO = NO;
				MTL_FAST_MATH = YES;
				SDKROOT = iphoneos;
				SWIFT_COMPILATION_MODE = wholemodule;
				SWIFT_OPTIMIZATION_LEVEL = "-O";
				VALIDATE_PRODUCT = YES;
			};
			name = Release;
		};
		E704ADF324DB1C89002CFC56 /* Debug */ = {
			isa = XCBuildConfiguration;
			buildSettings = {
				ASSETCATALOG_COMPILER_APPICON_NAME = AppIcon;
				CODE_SIGN_STYLE = Automatic;
				DEVELOPMENT_TEAM = MTB5BD867U;
				INFOPLIST_FILE = DecoratableAlertViewExample/Info.plist;
				IPHONEOS_DEPLOYMENT_TARGET = 11.0;
				LD_RUNPATH_SEARCH_PATHS = (
					"$(inherited)",
					"@executable_path/Frameworks",
				);
				PRODUCT_BUNDLE_IDENTIFIER = com.volkansonmez.DecoratableAlertViewExample;
				PRODUCT_NAME = "$(TARGET_NAME)";
				SWIFT_VERSION = 5.0;
				TARGETED_DEVICE_FAMILY = "1,2";
			};
			name = Debug;
		};
		E704ADF424DB1C89002CFC56 /* Release */ = {
			isa = XCBuildConfiguration;
			buildSettings = {
				ASSETCATALOG_COMPILER_APPICON_NAME = AppIcon;
				CODE_SIGN_STYLE = Automatic;
				DEVELOPMENT_TEAM = MTB5BD867U;
				INFOPLIST_FILE = DecoratableAlertViewExample/Info.plist;
				IPHONEOS_DEPLOYMENT_TARGET = 11.0;
				LD_RUNPATH_SEARCH_PATHS = (
					"$(inherited)",
					"@executable_path/Frameworks",
				);
				PRODUCT_BUNDLE_IDENTIFIER = com.volkansonmez.DecoratableAlertViewExample;
				PRODUCT_NAME = "$(TARGET_NAME)";
				SWIFT_VERSION = 5.0;
				TARGETED_DEVICE_FAMILY = "1,2";
			};
			name = Release;
		};
/* End XCBuildConfiguration section */

/* Begin XCConfigurationList section */
		E704ADD924DB1C88002CFC56 /* Build configuration list for PBXProject "DecoratableAlertViewExample" */ = {
			isa = XCConfigurationList;
			buildConfigurations = (
				E704ADF024DB1C89002CFC56 /* Debug */,
				E704ADF124DB1C89002CFC56 /* Release */,
			);
			defaultConfigurationIsVisible = 0;
			defaultConfigurationName = Release;
		};
		E704ADF224DB1C89002CFC56 /* Build configuration list for PBXNativeTarget "DecoratableAlertViewExample" */ = {
			isa = XCConfigurationList;
			buildConfigurations = (
				E704ADF324DB1C89002CFC56 /* Debug */,
				E704ADF424DB1C89002CFC56 /* Release */,
			);
			defaultConfigurationIsVisible = 0;
			defaultConfigurationName = Release;
		};
/* End XCConfigurationList section */
	};
	rootObject = E704ADD624DB1C88002CFC56 /* Project object */;
}
